
Microsoft Visual Studio Solution File, Format Version 12.00
# Visual Studio 15
VisualStudioVersion = 15.0.27428.2037
MinimumVisualStudioVersion = 10.0.40219.1
Project("{FAE04EC0-301F-11D3-BF4B-00C04F79EFBC}") = "AbleLogic.Simple.DataLayer", "src\AbleLogic.Simple.DataLayer\AbleLogic.Simple.DataLayer.csproj", "{39C066A6-7A3C-4B54-B391-54716A9153F2}"
EndProject
Project("{FAE04EC0-301F-11D3-BF4B-00C04F79EFBC}") = "AbleLogic.Simple.DataLayer.Tests", "tests\AbleLogic.Simple.DataLayer.Tests\AbleLogic.Simple.DataLayer.Tests.csproj", "{7A825209-8CF6-46B5-BB26-D067A7B469D8}"
EndProject
Global
	GlobalSection(SolutionConfigurationPlatforms) = preSolution
		Debug|Any CPU = Debug|Any CPU
		Release|Any CPU = Release|Any CPU
	EndGlobalSection
	GlobalSection(ProjectConfigurationPlatforms) = postSolution
		{39C066A6-7A3C-4B54-B391-54716A9153F2}.Debug|Any CPU.ActiveCfg = Debug|Any CPU
		{39C066A6-7A3C-4B54-B391-54716A9153F2}.Debug|Any CPU.Build.0 = Debug|Any CPU
		{39C066A6-7A3C-4B54-B391-54716A9153F2}.Release|Any CPU.ActiveCfg = Release|Any CPU
		{39C066A6-7A3C-4B54-B391-54716A9153F2}.Release|Any CPU.Build.0 = Release|Any CPU
		{7A825209-8CF6-46B5-BB26-D067A7B469D8}.Debug|Any CPU.ActiveCfg = Debug|Any CPU
		{7A825209-8CF6-46B5-BB26-D067A7B469D8}.Debug|Any CPU.Build.0 = Debug|Any CPU
		{7A825209-8CF6-46B5-BB26-D067A7B469D8}.Release|Any CPU.ActiveCfg = Release|Any CPU
		{7A825209-8CF6-46B5-BB26-D067A7B469D8}.Release|Any CPU.Build.0 = Release|Any CPU
	EndGlobalSection
	GlobalSection(SolutionProperties) = preSolution
		HideSolutionNode = FALSE
	EndGlobalSection
	GlobalSection(ExtensibilityGlobals) = postSolution
		SolutionGuid = {3E004EBE-65EC-4EE1-8E7F-6F874D93AEBD}
	EndGlobalSection
EndGlobal
